
Microsoft Visual Studio Solution File, Format Version 12.00
# Visual Studio 15
VisualStudioVersion = 15.0.27703.2000
MinimumVisualStudioVersion = 10.0.40219.1
Project("{FAE04EC0-301F-11D3-BF4B-00C04F79EFBC}") = "ClassLibrary1", "ClassLibrary1\ClassLibrary1.csproj", "{1F51E831-C391-401F-A5ED-4BD077102E85}"
EndProject
Project("{FAE04EC0-301F-11D3-BF4B-00C04F79EFBC}") = "ClassLibrary1.Test", "ClassLibrary1.Test\ClassLibrary1.Test.csproj", "{B042184E-5B39-4701-B817-5A7B57695F19}"
EndProject
Global
	GlobalSection(SolutionConfigurationPlatforms) = preSolution
		Debug|Any CPU = Debug|Any CPU
		Release|Any CPU = Release|Any CPU
	EndGlobalSection
	GlobalSection(ProjectConfigurationPlatforms) = postSolution
		{1F51E831-C391-401F-A5ED-4BD077102E85}.Debug|Any CPU.ActiveCfg = Debug|Any CPU
		{1F51E831-C391-401F-A5ED-4BD077102E85}.Debug|Any CPU.Build.0 = Debug|Any CPU
		{1F51E831-C391-401F-A5ED-4BD077102E85}.Release|Any CPU.ActiveCfg = Release|Any CPU
		{1F51E831-C391-401F-A5ED-4BD077102E85}.Release|Any CPU.Build.0 = Release|Any CPU
		{B042184E-5B39-4701-B817-5A7B57695F19}.Debug|Any CPU.ActiveCfg = Debug|Any CPU
		{B042184E-5B39-4701-B817-5A7B57695F19}.Debug|Any CPU.Build.0 = Debug|Any CPU
		{B042184E-5B39-4701-B817-5A7B57695F19}.Release|Any CPU.ActiveCfg = Release|Any CPU
		{B042184E-5B39-4701-B817-5A7B57695F19}.Release|Any CPU.Build.0 = Release|Any CPU
	EndGlobalSection
	GlobalSection(SolutionProperties) = preSolution
		HideSolutionNode = FALSE
	EndGlobalSection
	GlobalSection(ExtensibilityGlobals) = postSolution
		SolutionGuid = {E5DA800D-FBC9-496D-B136-04AD3529F684}
	EndGlobalSection
EndGlobal
